github.com/dadosjusbr/coletores v0.0.0-20210415142123-4f1fcd872b1e h1:NyDW5SgnBv+FQad3HODuuWfDd1zxXOx3Lc6NizTJYG0=
github.com/dadosjusbr/coletores v0.0.0-20210415142123-4f1fcd872b1e/go.mod h1:m9opDykSJIwaf+veICpleWMranaaWEbx5RNQhKZAgXU=
github.com/gocarina/gocsv v0.0.0-20200827134620-49f5c3fa2b3e h1:f9zU2ojLUYe8f/uWnetnr0p6TnAGQBCV/WdPKxodBqA=
github.com/gocarina/gocsv v0.0.0-20200827134620-49f5c3fa2b3e/go.mod h1:5YoVOkjYAQumqlV356Hj3xeYh4BdZuLE0/nRkf2NKkI=
